{
  "name": "teste bot",
  "lockfileVersion": 2,
  "requires": true,
  "packages": {
    "": {
      "dependencies": {
        "decouple": "^1.0.1",
        "discord": "^0.8.2",
        "discord.py": "^1.0.0",
        "git": "^0.1.5",
        "requests": "^0.3.0"
      }
    },
    "node_modules/axo": {
      "version": "0.0.2",
      "resolved": "https://registry.npmjs.org/axo/-/axo-0.0.2.tgz",
      "integrity": "sha1-STVfu+qzhEm8ppahqsxGml7p/Uc="
    },
    "node_modules/balanced-match": {
      "version": "1.0.2",
      "resolved": "https://registry.npmjs.org/balanced-match/-/balanced-match-1.0.2.tgz",
      "integrity": "sha512-3oSeUO0TMV67hN1AmbXsK4yaqU7tjiHlbxRDZOpH0KW9+CeX4bRAaX0Anxt0tx2MrpRpWwQaPwIlISEJhYU5Pw=="
    },
    "node_modules/brace-expansion": {
      "version": "1.1.11",
      "resolved": "https://registry.npmjs.org/brace-expansion/-/brace-expansion-1.1.11.tgz",
      "integrity": "sha512-iCuPHDFgrHX7H2vEI/5xpz07zSHB00TpugqhmYtVmMO6518mCuRMoOYFldEBl0g187ufozdaHgWKcYFb61qGiA==",
      "dependencies": {
        "balanced-match": "^1.0.0",
        "concat-map": "0.0.1"
      }
    },
    "node_modules/concat-map": {
      "version": "0.0.1",
      "resolved": "https://registry.npmjs.org/concat-map/-/concat-map-0.0.1.tgz",
      "integrity": "sha1-2Klr13/Wjfd5OnMDajug1UBdR3s="
    },
    "node_modules/decouple": {
      "version": "1.0.1",
      "resolved": "https://registry.npmjs.org/decouple/-/decouple-1.0.1.tgz",
      "integrity": "sha1-BC5hsoQEc/XMlTR5e+3+pt0ailE="
    },
    "node_modules/describe": {
      "version": "1.2.0",
      "resolved": "https://registry.npmjs.org/describe/-/describe-1.2.0.tgz",
      "integrity": "sha1-O0LvptyhqiRF720VwZhU3lg3EcA=",
      "dependencies": {
        "string-color": ">= 0.8.0"
      }
    },
    "node_modules/discord": {
      "version": "0.8.2",
      "resolved": "https://registry.npmjs.org/discord/-/discord-0.8.2.tgz",
      "integrity": "sha1-jLPr+fLpBZRVTQw3NMma+Huwt3A=",
      "dependencies": {
        "describe": ">=0.8.0",
        "glob": ">3.0.1",
        "mootools": ">=1.4.4",
        "string-color": ">=0.8.0"
      },
      "engines": {
        "node": "*"
      }
    },
    "node_modules/discord.py": {
      "version": "1.0.0",
      "resolved": "https://registry.npmjs.org/discord.py/-/discord.py-1.0.0.tgz",
      "integrity": "sha512-0YIrTHYeLg9n6ydcGXAj06FJn9m7Xquz2AE06XI2J3KtYeq7oPIiwdJW7LYQZ/y8NXHqV0O81Vq5lk0ri/gAHg=="
    },
    "node_modules/eventemitter3": {
      "version": "4.0.7",
      "resolved": "https://registry.npmjs.org/eventemitter3/-/eventemitter3-4.0.7.tgz",
      "integrity": "sha512-8guHBZCwKnFhYdHr2ysuRWErTwhoN2X8XELRlrRwpmfeY2jjuUN4taQMsULKUVo1K4DvZl+0pgfyoysHxvmvEw=="
    },
    "node_modules/extendible": {
      "version": "0.1.1",
      "resolved": "https://registry.npmjs.org/extendible/-/extendible-0.1.1.tgz",
      "integrity": "sha1-4qN+2HEp+0+VM+io11BiMKU5yQU="
    },
    "node_modules/failure": {
      "version": "1.1.1",
      "resolved": "https://registry.npmjs.org/failure/-/failure-1.1.1.tgz",
      "integrity": "sha1-qOg9OxYC0kaL/2rU2QceAQO4Goc="
    },
    "node_modules/fs.realpath": {
      "version": "1.0.0",
      "resolved": "https://registry.npmjs.org/fs.realpath/-/fs.realpath-1.0.0.tgz",
      "integrity": "sha1-FQStJSMVjKpA20onh8sBQRmU6k8="
    },
    "node_modules/git": {
      "version": "0.1.5",
      "resolved": "https://registry.npmjs.org/git/-/git-0.1.5.tgz",
      "integrity": "sha1-nvYt+T+FHCdUIUO/UtHGixAXyhU=",
      "dependencies": {
        "mime": "1.2.9"
      },
      "engines": {
        "node": ">=0.4.0"
      }
    },
    "node_modules/glob": {
      "version": "7.2.0",
      "resolved": "https://registry.npmjs.org/glob/-/glob-7.2.0.tgz",
      "integrity": "sha512-lmLf6gtyrPq8tTjSmrO94wBeQbFR3HbLHbuyD69wuyQkImp2hWqMGB47OX65FBkPffO641IP9jWa1z4ivqG26Q==",
      "dependencies": {
        "fs.realpath": "^1.0.0",
        "inflight": "^1.0.4",
        "inherits": "2",
        "minimatch": "^3.0.4",
        "once": "^1.3.0",
        "path-is-absolute": "^1.0.0"
      },
      "engines": {
        "node": "*"
      },
      "funding": {
        "url": "https://github.com/sponsors/isaacs"
      }
    },
    "node_modules/hang": {
      "version": "1.0.0",
      "resolved": "https://registry.npmjs.org/hang/-/hang-1.0.0.tgz",
      "integrity": "sha1-ZwUIeYRENeAq4ECcT0VTxkOOHXE="
    },
    "node_modules/inflight": {
      "version": "1.0.6",
      "resolved": "https://registry.npmjs.org/inflight/-/inflight-1.0.6.tgz",
      "integrity": "sha1-Sb1jMdfQLQwJvJEKEHW6gWW1bfk=",
      "dependencies": {
        "once": "^1.3.0",
        "wrappy": "1"
      }
    },
    "node_modules/inherits": {
      "version": "2.0.4",
      "resolved": "https://registry.npmjs.org/inherits/-/inherits-2.0.4.tgz",
      "integrity": "sha512-k/vGaX4/Yla3WzyMCvTQOXYeIHvqOKtnqBduzTHpzpQZzAskKMhZ2K+EnBiSM9zGSoIFeMpXKxa4dYeZIQqewQ=="
    },
    "node_modules/loads": {
      "version": "0.0.4",
      "resolved": "https://registry.npmjs.org/loads/-/loads-0.0.4.tgz",
      "integrity": "sha1-l/MBY5fnDd/0gLgexjjO6iKgqZw=",
      "dependencies": {
        "failure": "1.1.x",
        "one-time": "0.0.x",
        "xhr-response": "1.0.x",
        "xhr-status": "1.0.x"
      }
    },
    "node_modules/mime": {
      "version": "1.2.9",
      "resolved": "https://registry.npmjs.org/mime/-/mime-1.2.9.tgz",
      "integrity": "sha1-AJzUCGe9Nd5SGzuWbwTi+NTRPQk="
    },
    "node_modules/minimatch": {
      "version": "3.0.4",
      "resolved": "https://registry.npmjs.org/minimatch/-/minimatch-3.0.4.tgz",
      "integrity": "sha512-yJHVQEhyqPLUTgt9B83PXu6W3rx4MvvHvSUvToogpwoGDOUQ+yDrR0HRot+yOCdCO7u4hX3pWft6kWBBcqh0UA==",
      "dependencies": {
        "brace-expansion": "^1.1.7"
      },
      "engines": {
        "node": "*"
      }
    },
    "node_modules/mootools": {
      "version": "1.5.2",
      "resolved": "https://registry.npmjs.org/mootools/-/mootools-1.5.2.tgz",
      "integrity": "sha1-H93xtOCp5l0g1IO5tLCOHoexFho=",
      "engines": {
        "node": ">=0.4.0"
      }
    },
    "node_modules/node-http-xhr": {
      "version": "1.3.4",
      "resolved": "https://registry.npmjs.org/node-http-xhr/-/node-http-xhr-1.3.4.tgz",
      "integrity": "sha512-0bA08/2RKWxw6pMkOVd3KP+0F5+ifQLMMTDxrCgxlgkoU1N8DhCbCSAYEqpgaVYM2smvbVVewiXjW+8AyoLfxQ=="
    },
    "node_modules/once": {
      "version": "1.4.0",
      "resolved": "https://registry.npmjs.org/once/-/once-1.4.0.tgz",
      "integrity": "sha1-WDsap3WWHUsROsF9nFC6753Xa9E=",
      "dependencies": {
        "wrappy": "1"
      }
    },
    "node_modules/one-time": {
      "version": "0.0.4",
      "resolved": "https://registry.npmjs.org/one-time/-/one-time-0.0.4.tgz",
      "integrity": "sha1-+M33eISCb+Tf+T46nMN7HkSAdC4="
    },
    "node_modules/path-is-absolute": {
      "version": "1.0.1",
      "resolved": "https://registry.npmjs.org/path-is-absolute/-/path-is-absolute-1.0.1.tgz",
      "integrity": "sha1-F0uSaHNVNP+8es5r9TpanhtcX18=",
      "engines": {
        "node": ">=0.10.0"
      }
    },
    "node_modules/requests": {
      "version": "0.3.0",
      "resolved": "https://registry.npmjs.org/requests/-/requests-0.3.0.tgz",
      "integrity": "sha512-1B6nkiHjC1O1cSgFhEwkc+xd8vuj04h7xSmCg5yI8nmhCIKbPkX47od8erQ2pokBt5qxUO7dwP4jplXD6k6ISA==",
      "dependencies": {
        "axo": "0.0.x",
        "eventemitter3": "~4.0.0",
        "extendible": "0.1.x",
        "hang": "1.0.x",
        "loads": "0.0.x",
        "node-http-xhr": "~1.3.0",
        "xhr-send": "1.0.x"
      }
    },
    "node_modules/string-color": {
      "version": "0.8.0",
      "resolved": "https://registry.npmjs.org/string-color/-/string-color-0.8.0.tgz",
      "integrity": "sha1-HmdMgpXOKd3Zd4tuTLOqXnVEhAM=",
      "engines": {
        "node": "*"
      }
    },
    "node_modules/wrappy": {
      "version": "1.0.2",
      "resolved": "https://registry.npmjs.org/wrappy/-/wrappy-1.0.2.tgz",
      "integrity": "sha1-tSQ9jz7BqjXxNkYFvA0QNuMKtp8="
    },
    "node_modules/xhr-response": {
      "version": "1.0.1",
      "resolved": "https://registry.npmjs.org/xhr-response/-/xhr-response-1.0.1.tgz",
      "integrity": "sha1-r/46CFRLpyGG5NxSzQImZx2Gc/4="
    },
    "node_modules/xhr-send": {
      "version": "1.0.0",
      "resolved": "https://registry.npmjs.org/xhr-send/-/xhr-send-1.0.0.tgz",
      "integrity": "sha1-GkDHPl2yAo7gj+kPXD1tx/eWqFQ="
    },
    "node_modules/xhr-status": {
      "version": "1.0.1",
      "resolved": "https://registry.npmjs.org/xhr-status/-/xhr-status-1.0.1.tgz",
      "integrity": "sha512-VF0WSqtmkf56OmF26LCWsWvRb1a+WYGdHDoQnPPCVUQTM8CVUAOBcUDsm7nP7SQcgEEdrvF4DmhEADuXdGieyw=="
    }
  },
  "dependencies": {
    "axo": {
      "version": "0.0.2",
      "resolved": "https://registry.npmjs.org/axo/-/axo-0.0.2.tgz",
      "integrity": "sha1-STVfu+qzhEm8ppahqsxGml7p/Uc="
    },
    "balanced-match": {
      "version": "1.0.2",
      "resolved": "https://registry.npmjs.org/balanced-match/-/balanced-match-1.0.2.tgz",
      "integrity": "sha512-3oSeUO0TMV67hN1AmbXsK4yaqU7tjiHlbxRDZOpH0KW9+CeX4bRAaX0Anxt0tx2MrpRpWwQaPwIlISEJhYU5Pw=="
    },
    "brace-expansion": {
      "version": "1.1.11",
      "resolved": "https://registry.npmjs.org/brace-expansion/-/brace-expansion-1.1.11.tgz",
      "integrity": "sha512-iCuPHDFgrHX7H2vEI/5xpz07zSHB00TpugqhmYtVmMO6518mCuRMoOYFldEBl0g187ufozdaHgWKcYFb61qGiA==",
      "requires": {
        "balanced-match": "^1.0.0",
        "concat-map": "0.0.1"
      }
    },
    "concat-map": {
      "version": "0.0.1",
      "resolved": "https://registry.npmjs.org/concat-map/-/concat-map-0.0.1.tgz",
      "integrity": "sha1-2Klr13/Wjfd5OnMDajug1UBdR3s="
    },
    "decouple": {
      "version": "1.0.1",
      "resolved": "https://registry.npmjs.org/decouple/-/decouple-1.0.1.tgz",
      "integrity": "sha1-BC5hsoQEc/XMlTR5e+3+pt0ailE="
    },
    "describe": {
      "version": "1.2.0",
      "resolved": "https://registry.npmjs.org/describe/-/describe-1.2.0.tgz",
      "integrity": "sha1-O0LvptyhqiRF720VwZhU3lg3EcA=",
      "requires": {
        "string-color": ">= 0.8.0"
      }
    },
    "discord": {
      "version": "0.8.2",
      "resolved": "https://registry.npmjs.org/discord/-/discord-0.8.2.tgz",
      "integrity": "sha1-jLPr+fLpBZRVTQw3NMma+Huwt3A=",
      "requires": {
        "describe": ">=0.8.0",
        "glob": ">3.0.1",
        "mootools": ">=1.4.4",
        "string-color": ">=0.8.0"
      }
    },
    "discord.py": {
      "version": "1.0.0",
      "resolved": "https://registry.npmjs.org/discord.py/-/discord.py-1.0.0.tgz",
      "integrity": "sha512-0YIrTHYeLg9n6ydcGXAj06FJn9m7Xquz2AE06XI2J3KtYeq7oPIiwdJW7LYQZ/y8NXHqV0O81Vq5lk0ri/gAHg=="
    },
    "eventemitter3": {
      "version": "4.0.7",
      "resolved": "https://registry.npmjs.org/eventemitter3/-/eventemitter3-4.0.7.tgz",
      "integrity": "sha512-8guHBZCwKnFhYdHr2ysuRWErTwhoN2X8XELRlrRwpmfeY2jjuUN4taQMsULKUVo1K4DvZl+0pgfyoysHxvmvEw=="
    },
    "extendible": {
      "version": "0.1.1",
      "resolved": "https://registry.npmjs.org/extendible/-/extendible-0.1.1.tgz",
      "integrity": "sha1-4qN+2HEp+0+VM+io11BiMKU5yQU="
    },
    "failure": {
      "version": "1.1.1",
      "resolved": "https://registry.npmjs.org/failure/-/failure-1.1.1.tgz",
      "integrity": "sha1-qOg9OxYC0kaL/2rU2QceAQO4Goc="
    },
    "fs.realpath": {
      "version": "1.0.0",
      "resolved": "https://registry.npmjs.org/fs.realpath/-/fs.realpath-1.0.0.tgz",
      "integrity": "sha1-FQStJSMVjKpA20onh8sBQRmU6k8="
    },
    "git": {
      "version": "0.1.5",
      "resolved": "https://registry.npmjs.org/git/-/git-0.1.5.tgz",
      "integrity": "sha1-nvYt+T+FHCdUIUO/UtHGixAXyhU=",
      "requires": {
        "mime": "1.2.9"
      }
    },
    "glob": {
      "version": "7.2.0",
      "resolved": "https://registry.npmjs.org/glob/-/glob-7.2.0.tgz",
      "integrity": "sha512-lmLf6gtyrPq8tTjSmrO94wBeQbFR3HbLHbuyD69wuyQkImp2hWqMGB47OX65FBkPffO641IP9jWa1z4ivqG26Q==",
      "requires": {
        "fs.realpath": "^1.0.0",
        "inflight": "^1.0.4",
        "inherits": "2",
        "minimatch": "^3.0.4",
        "once": "^1.3.0",
        "path-is-absolute": "^1.0.0"
      }
    },
    "hang": {
      "version": "1.0.0",
      "resolved": "https://registry.npmjs.org/hang/-/hang-1.0.0.tgz",
      "integrity": "sha1-ZwUIeYRENeAq4ECcT0VTxkOOHXE="
    },
    "inflight": {
      "version": "1.0.6",
      "resolved": "https://registry.npmjs.org/inflight/-/inflight-1.0.6.tgz",
      "integrity": "sha1-Sb1jMdfQLQwJvJEKEHW6gWW1bfk=",
      "requires": {
        "once": "^1.3.0",
        "wrappy": "1"
      }
    },
    "inherits": {
      "version": "2.0.4",
      "resolved": "https://registry.npmjs.org/inherits/-/inherits-2.0.4.tgz",
      "integrity": "sha512-k/vGaX4/Yla3WzyMCvTQOXYeIHvqOKtnqBduzTHpzpQZzAskKMhZ2K+EnBiSM9zGSoIFeMpXKxa4dYeZIQqewQ=="
    },
    "loads": {
      "version": "0.0.4",
      "resolved": "https://registry.npmjs.org/loads/-/loads-0.0.4.tgz",
      "integrity": "sha1-l/MBY5fnDd/0gLgexjjO6iKgqZw=",
      "requires": {
        "failure": "1.1.x",
        "one-time": "0.0.x",
        "xhr-response": "1.0.x",
        "xhr-status": "1.0.x"
      }
    },
    "mime": {
      "version": "1.2.9",
      "resolved": "https://registry.npmjs.org/mime/-/mime-1.2.9.tgz",
      "integrity": "sha1-AJzUCGe9Nd5SGzuWbwTi+NTRPQk="
    },
    "minimatch": {
      "version": "3.0.4",
      "resolved": "https://registry.npmjs.org/minimatch/-/minimatch-3.0.4.tgz",
      "integrity": "sha512-yJHVQEhyqPLUTgt9B83PXu6W3rx4MvvHvSUvToogpwoGDOUQ+yDrR0HRot+yOCdCO7u4hX3pWft6kWBBcqh0UA==",
      "requires": {
        "brace-expansion": "^1.1.7"
      }
    },
    "mootools": {
      "version": "1.5.2",
      "resolved": "https://registry.npmjs.org/mootools/-/mootools-1.5.2.tgz",
      "integrity": "sha1-H93xtOCp5l0g1IO5tLCOHoexFho="
    },
    "node-http-xhr": {
      "version": "1.3.4",
      "resolved": "https://registry.npmjs.org/node-http-xhr/-/node-http-xhr-1.3.4.tgz",
      "integrity": "sha512-0bA08/2RKWxw6pMkOVd3KP+0F5+ifQLMMTDxrCgxlgkoU1N8DhCbCSAYEqpgaVYM2smvbVVewiXjW+8AyoLfxQ=="
    },
    "once": {
      "version": "1.4.0",
      "resolved": "https://registry.npmjs.org/once/-/once-1.4.0.tgz",
      "integrity": "sha1-WDsap3WWHUsROsF9nFC6753Xa9E=",
      "requires": {
        "wrappy": "1"
      }
    },
    "one-time": {
      "version": "0.0.4",
      "resolved": "https://registry.npmjs.org/one-time/-/one-time-0.0.4.tgz",
      "integrity": "sha1-+M33eISCb+Tf+T46nMN7HkSAdC4="
    },
    "path-is-absolute": {
      "version": "1.0.1",
      "resolved": "https://registry.npmjs.org/path-is-absolute/-/path-is-absolute-1.0.1.tgz",
      "integrity": "sha1-F0uSaHNVNP+8es5r9TpanhtcX18="
    },
    "requests": {
      "version": "0.3.0",
      "resolved": "https://registry.npmjs.org/requests/-/requests-0.3.0.tgz",
      "integrity": "sha512-1B6nkiHjC1O1cSgFhEwkc+xd8vuj04h7xSmCg5yI8nmhCIKbPkX47od8erQ2pokBt5qxUO7dwP4jplXD6k6ISA==",
      "requires": {
        "axo": "0.0.x",
        "eventemitter3": "~4.0.0",
        "extendible": "0.1.x",
        "hang": "1.0.x",
        "loads": "0.0.x",
        "node-http-xhr": "~1.3.0",
        "xhr-send": "1.0.x"
      }
    },
    "string-color": {
      "version": "0.8.0",
      "resolved": "https://registry.npmjs.org/string-color/-/string-color-0.8.0.tgz",
      "integrity": "sha1-HmdMgpXOKd3Zd4tuTLOqXnVEhAM="
    },
    "wrappy": {
      "version": "1.0.2",
      "resolved": "https://registry.npmjs.org/wrappy/-/wrappy-1.0.2.tgz",
      "integrity": "sha1-tSQ9jz7BqjXxNkYFvA0QNuMKtp8="
    },
    "xhr-response": {
      "version": "1.0.1",
      "resolved": "https://registry.npmjs.org/xhr-response/-/xhr-response-1.0.1.tgz",
      "integrity": "sha1-r/46CFRLpyGG5NxSzQImZx2Gc/4="
    },
    "xhr-send": {
      "version": "1.0.0",
      "resolved": "https://registry.npmjs.org/xhr-send/-/xhr-send-1.0.0.tgz",
      "integrity": "sha1-GkDHPl2yAo7gj+kPXD1tx/eWqFQ="
    },
    "xhr-status": {
      "version": "1.0.1",
      "resolved": "https://registry.npmjs.org/xhr-status/-/xhr-status-1.0.1.tgz",
      "integrity": "sha512-VF0WSqtmkf56OmF26LCWsWvRb1a+WYGdHDoQnPPCVUQTM8CVUAOBcUDsm7nP7SQcgEEdrvF4DmhEADuXdGieyw=="
    }
  }
}
